
Microsoft Visual Studio Solution File, Format Version 12.00
# Visual Studio 15
VisualStudioVersion = 15.0.28307.168
MinimumVisualStudioVersion = 10.0.40219.1
Project("{FAE04EC0-301F-11D3-BF4B-00C04F79EFBC}") = "WebApplication3", "WebApplication3\WebApplication3.csproj", "{D21A009B-857D-41F6-8F7E-A34485785BD6}"
EndProject
Global
	GlobalSection(SolutionConfigurationPlatforms) = preSolution
		Debug|Any CPU = Debug|Any CPU
		Release|Any CPU = Release|Any CPU
	EndGlobalSection
	GlobalSection(ProjectConfigurationPlatforms) = postSolution
		{D21A009B-857D-41F6-8F7E-A34485785BD6}.Debug|Any CPU.ActiveCfg = Debug|Any CPU
		{D21A009B-857D-41F6-8F7E-A34485785BD6}.Debug|Any CPU.Build.0 = Debug|Any CPU
		{D21A009B-857D-41F6-8F7E-A34485785BD6}.Release|Any CPU.ActiveCfg = Release|Any CPU
		{D21A009B-857D-41F6-8F7E-A34485785BD6}.Release|Any CPU.Build.0 = Release|Any CPU
	EndGlobalSection
	GlobalSection(SolutionProperties) = preSolution
		HideSolutionNode = FALSE
	EndGlobalSection
	GlobalSection(ExtensibilityGlobals) = postSolution
		SolutionGuid = {671BD92C-5DFF-4C7A-BD26-1D875C326547}
	EndGlobalSection
EndGlobal
